
Microsoft Visual Studio Solution File, Format Version 11.00
# Visual Studio 2010
Project("{8BC9CEB8-8B4A-11D0-8D11-00A0C91BC942}") = "Problema2Nivel2", "Problema2Nivel2\Problema2Nivel2.vcxproj", "{A2D9CF10-75C0-4B29-9C91-A4A5FD91EA99}"
EndProject
Global
	GlobalSection(SolutionConfigurationPlatforms) = preSolution
		Debug|Win32 = Debug|Win32
		Release|Win32 = Release|Win32
	EndGlobalSection
	GlobalSection(ProjectConfigurationPlatforms) = postSolution
		{A2D9CF10-75C0-4B29-9C91-A4A5FD91EA99}.Debug|Win32.ActiveCfg = Debug|Win32
		{A2D9CF10-75C0-4B29-9C91-A4A5FD91EA99}.Debug|Win32.Build.0 = Debug|Win32
		{A2D9CF10-75C0-4B29-9C91-A4A5FD91EA99}.Release|Win32.ActiveCfg = Release|Win32
		{A2D9CF10-75C0-4B29-9C91-A4A5FD91EA99}.Release|Win32.Build.0 = Release|Win32
	EndGlobalSection
	GlobalSection(SolutionProperties) = preSolution
		HideSolutionNode = FALSE
	EndGlobalSection
EndGlobal
