
Microsoft Visual Studio Solution File, Format Version 11.00
# Visual Studio 2010
Project("{8BC9CEB8-8B4A-11D0-8D11-00A0C91BC942}") = "Problema1", "Problema1\Problema1.vcxproj", "{AE0DAE19-6F71-41FB-A0FC-C71A5FFA03AC}"
EndProject
Global
	GlobalSection(SolutionConfigurationPlatforms) = preSolution
		Debug|Win32 = Debug|Win32
		Release|Win32 = Release|Win32
	EndGlobalSection
	GlobalSection(ProjectConfigurationPlatforms) = postSolution
		{AE0DAE19-6F71-41FB-A0FC-C71A5FFA03AC}.Debug|Win32.ActiveCfg = Debug|Win32
		{AE0DAE19-6F71-41FB-A0FC-C71A5FFA03AC}.Debug|Win32.Build.0 = Debug|Win32
		{AE0DAE19-6F71-41FB-A0FC-C71A5FFA03AC}.Release|Win32.ActiveCfg = Release|Win32
		{AE0DAE19-6F71-41FB-A0FC-C71A5FFA03AC}.Release|Win32.Build.0 = Release|Win32
	EndGlobalSection
	GlobalSection(SolutionProperties) = preSolution
		HideSolutionNode = FALSE
	EndGlobalSection
EndGlobal
