
Microsoft Visual Studio Solution File, Format Version 12.00
# Visual Studio 2012
Project("{8BC9CEB8-8B4A-11D0-8D11-00A0C91BC942}") = "Problema10", "Problema10\Problema10.vcxproj", "{46889741-9738-4B5A-AA7B-9C76D5E637C9}"
EndProject
Global
	GlobalSection(SolutionConfigurationPlatforms) = preSolution
		Debug|Win32 = Debug|Win32
		Release|Win32 = Release|Win32
	EndGlobalSection
	GlobalSection(ProjectConfigurationPlatforms) = postSolution
		{46889741-9738-4B5A-AA7B-9C76D5E637C9}.Debug|Win32.ActiveCfg = Debug|Win32
		{46889741-9738-4B5A-AA7B-9C76D5E637C9}.Debug|Win32.Build.0 = Debug|Win32
		{46889741-9738-4B5A-AA7B-9C76D5E637C9}.Release|Win32.ActiveCfg = Release|Win32
		{46889741-9738-4B5A-AA7B-9C76D5E637C9}.Release|Win32.Build.0 = Release|Win32
	EndGlobalSection
	GlobalSection(SolutionProperties) = preSolution
		HideSolutionNode = FALSE
	EndGlobalSection
EndGlobal
